
Microsoft Visual Studio Solution File, Format Version 12.00
# Visual Studio 15
VisualStudioVersion = 15.0.27703.2018
MinimumVisualStudioVersion = 10.0.40219.1
Project("{FAE04EC0-301F-11D3-BF4B-00C04F79EFBC}") = "EnableRotationPlugin", "EnableRotationPlugin\EnableRotationPlugin.csproj", "{34E19DE1-CED6-4188-9335-AC3BDD33FC99}"
EndProject
Global
	GlobalSection(SolutionConfigurationPlatforms) = preSolution
		Debug|Any CPU = Debug|Any CPU
		Release|Any CPU = Release|Any CPU
	EndGlobalSection
	GlobalSection(ProjectConfigurationPlatforms) = postSolution
		{34E19DE1-CED6-4188-9335-AC3BDD33FC99}.Debug|Any CPU.ActiveCfg = Debug|Any CPU
		{34E19DE1-CED6-4188-9335-AC3BDD33FC99}.Debug|Any CPU.Build.0 = Debug|Any CPU
		{34E19DE1-CED6-4188-9335-AC3BDD33FC99}.Release|Any CPU.ActiveCfg = Release|Any CPU
		{34E19DE1-CED6-4188-9335-AC3BDD33FC99}.Release|Any CPU.Build.0 = Release|Any CPU
	EndGlobalSection
	GlobalSection(SolutionProperties) = preSolution
		HideSolutionNode = FALSE
	EndGlobalSection
	GlobalSection(ExtensibilityGlobals) = postSolution
		SolutionGuid = {AB90C8B8-7E97-43DD-8751-5758B2DE66BD}
	EndGlobalSection
EndGlobal
